// !$*UTF8*$!
{
	archiveVersion = 1;
	classes = {
	};
	objectVersion = 46;
	objects = {

/* Begin PBXBuildFile section */
		92B00E011AFA92E70025535D /* main.m in Sources */ = {isa = PBXBuildFile; fileRef = 92B00E001AFA92E70025535D /* main.m */; };
		92B00E041AFA92E70025535D /* AppDelegate.m in Sources */ = {isa = PBXBuildFile; fileRef = 92B00E031AFA92E70025535D /* AppDelegate.m */; };
		92B00E071AFA92E70025535D /* ViewController.m in Sources */ = {isa = PBXBuildFile; fileRef = 92B00E061AFA92E70025535D /* ViewController.m */; };
		92B00E0A1AFA92E70025535D /* Main.storyboard in Resources */ = {isa = PBXBuildFile; fileRef = 92B00E081AFA92E70025535D /* Main.storyboard */; };
		92B00E0C1AFA92E70025535D /* Images.xcassets in Resources */ = {isa = PBXBuildFile; fileRef = 92B00E0B1AFA92E70025535D /* Images.xcassets */; };
		92B00E0F1AFA92E70025535D /* LaunchScreen.xib in Resources */ = {isa = PBXBuildFile; fileRef = 92B00E0D1AFA92E70025535D /* LaunchScreen.xib */; };
		92B00E1B1AFA92E70025535D /* GradientsTests.m in Sources */ = {isa = PBXBuildFile; fileRef = 92B00E1A1AFA92E70025535D /* GradientsTests.m */; };
/* End PBXBuildFile section */

/* Begin PBXContainerItemProxy section */
		92B00E151AFA92E70025535D /* PBXContainerItemProxy */ = {
			isa = PBXContainerItemProxy;
			containerPortal = 92B00DF31AFA92E70025535D /* Project object */;
			proxyType = 1;
			remoteGlobalIDString = 92B00DFA1AFA92E70025535D;
			remoteInfo = Gradients;
		};
/* End PBXContainerItemProxy section */

/* Begin PBXFileReference section */
		92B00DFB1AFA92E70025535D /* Gradients.app */ = {isa = PBXFileReference; explicitFileType = wrapper.application; includeInIndex = 0; path = Gradients.app; sourceTree = BUILT_PRODUCTS_DIR; };
		92B00DFF1AFA92E70025535D /* Info.plist */ = {isa = PBXFileReference; lastKnownFileType = text.plist.xml; path = Info.plist; sourceTree = "<group>"; };
		92B00E001AFA92E70025535D /* main.m */ = {isa = PBXFileReference; lastKnownFileType = sourcecode.c.objc; path = main.m; sourceTree = "<group>"; };
		92B00E021AFA92E70025535D /* AppDelegate.h */ = {isa = PBXFileReference; lastKnownFileType = sourcecode.c.h; path = AppDelegate.h; sourceTree = "<group>"; };
		92B00E031AFA92E70025535D /* AppDelegate.m */ = {isa = PBXFileReference; lastKnownFileType = sourcecode.c.objc; path = AppDelegate.m; sourceTree = "<group>"; };
		92B00E051AFA92E70025535D /* ViewController.h */ = {isa = PBXFileReference; lastKnownFileType = sourcecode.c.h; path = ViewController.h; sourceTree = "<group>"; };
		92B00E061AFA92E70025535D /* ViewController.m */ = {isa = PBXFileReference; lastKnownFileType = sourcecode.c.objc; path = ViewController.m; sourceTree = "<group>"; };
		92B00E091AFA92E70025535D /* Base */ = {isa = PBXFileReference; lastKnownFileType = file.storyboard; name = Base; path = Base.lproj/Main.storyboard; sourceTree = "<group>"; };
		92B00E0B1AFA92E70025535D /* Images.xcassets */ = {isa = PBXFileReference; lastKnownFileType = folder.assetcatalog; path = Images.xcassets; sourceTree = "<group>"; };
		92B00E0E1AFA92E70025535D /* Base */ = {isa = PBXFileReference; lastKnownFileType = file.xib; name = Base; path = Base.lproj/LaunchScreen.xib; sourceTree = "<group>"; };
		92B00E141AFA92E70025535D /* GradientsTests.xctest */ = {isa = PBXFileReference; explicitFileType = wrapper.cfbundle; includeInIndex = 0; path = GradientsTests.xctest; sourceTree = BUILT_PRODUCTS_DIR; };
		92B00E191AFA92E70025535D /* Info.plist */ = {isa = PBXFileReference; lastKnownFileType = text.plist.xml; path = Info.plist; sourceTree = "<group>"; };
		92B00E1A1AFA92E70025535D /* GradientsTests.m */ = {isa = PBXFileReference; lastKnownFileType = sourcecode.c.objc; path = GradientsTests.m; sourceTree = "<group>"; };
/* End PBXFileReference section */

/* Begin PBXFrameworksBuildPhase section */
		92B00DF81AFA92E70025535D /* Frameworks */ = {
			isa = PBXFrameworksBuildPhase;
			buildActionMask = 2147483647;
			files = (
			);
			runOnlyForDeploymentPostprocessing = 0;
		};
		92B00E111AFA92E70025535D /* Frameworks */ = {
			isa = PBXFrameworksBuildPhase;
			buildActionMask = 2147483647;
			files = (
			);
			runOnlyForDeploymentPostprocessing = 0;
		};
/* End PBXFrameworksBuildPhase section */

/* Begin PBXGroup section */
		92B00DF21AFA92E70025535D = {
			isa = PBXGroup;
			children = (
				92B00DFD1AFA92E70025535D /* Gradients */,
				92B00E171AFA92E70025535D /* GradientsTests */,
				92B00DFC1AFA92E70025535D /* Products */,
			);
			sourceTree = "<group>";
		};
		92B00DFC1AFA92E70025535D /* Products */ = {
			isa = PBXGroup;
			children = (
				92B00DFB1AFA92E70025535D /* Gradients.app */,
				92B00E141AFA92E70025535D /* GradientsTests.xctest */,
			);
			name = Products;
			sourceTree = "<group>";
		};
		92B00DFD1AFA92E70025535D /* Gradients */ = {
			isa = PBXGroup;
			children = (
				92B00E021AFA92E70025535D /* AppDelegate.h */,
				92B00E031AFA92E70025535D /* AppDelegate.m */,
				92B00E051AFA92E70025535D /* ViewController.h */,
				92B00E061AFA92E70025535D /* ViewController.m */,
				92B00E081AFA92E70025535D /* Main.storyboard */,
				92B00E0B1AFA92E70025535D /* Images.xcassets */,
				92B00E0D1AFA92E70025535D /* LaunchScreen.xib */,
				92B00DFE1AFA92E70025535D /* Supporting Files */,
			);
			path = Gradients;
			sourceTree = "<group>";
		};
		92B00DFE1AFA92E70025535D /* Supporting Files */ = {
			isa = PBXGroup;
			children = (
				92B00DFF1AFA92E70025535D /* Info.plist */,
				92B00E001AFA92E70025535D /* main.m */,
			);
			name = "Supporting Files";
			sourceTree = "<group>";
		};
		92B00E171AFA92E70025535D /* GradientsTests */ = {
			isa = PBXGroup;
			children = (
				92B00E1A1AFA92E70025535D /* GradientsTests.m */,
				92B00E181AFA92E70025535D /* Supporting Files */,
			);
			path = GradientsTests;
			sourceTree = "<group>";
		};
		92B00E181AFA92E70025535D /* Supporting Files */ = {
			isa = PBXGroup;
			children = (
				92B00E191AFA92E70025535D /* Info.plist */,
			);
			name = "Supporting Files";
			sourceTree = "<group>";
		};
/* End PBXGroup section */

/* Begin PBXNativeTarget section */
		92B00DFA1AFA92E70025535D /* Gradients */ = {
			isa = PBXNativeTarget;
			buildConfigurationList = 92B00E1E1AFA92E70025535D /* Build configuration list for PBXNativeTarget "Gradients" */;
			buildPhases = (
				92B00DF71AFA92E70025535D /* Sources */,
				92B00DF81AFA92E70025535D /* Frameworks */,
				92B00DF91AFA92E70025535D /* Resources */,
			);
			buildRules = (
			);
			dependencies = (
			);
			name = Gradients;
			productName = Gradients;
			productReference = 92B00DFB1AFA92E70025535D /* Gradients.app */;
			productType = "com.apple.product-type.application";
		};
		92B00E131AFA92E70025535D /* GradientsTests */ = {
			isa = PBXNativeTarget;
			buildConfigurationList = 92B00E211AFA92E70025535D /* Build configuration list for PBXNativeTarget "GradientsTests" */;
			buildPhases = (
				92B00E101AFA92E70025535D /* Sources */,
				92B00E111AFA92E70025535D /* Frameworks */,
				92B00E121AFA92E70025535D /* Resources */,
			);
			buildRules = (
			);
			dependencies = (
				92B00E161AFA92E70025535D /* PBXTargetDependency */,
			);
			name = GradientsTests;
			productName = GradientsTests;
			productReference = 92B00E141AFA92E70025535D /* GradientsTests.xctest */;
			productType = "com.apple.product-type.bundle.unit-test";
		};
/* End PBXNativeTarget section */

/* Begin PBXProject section */
		92B00DF31AFA92E70025535D /* Project object */ = {
			isa = PBXProject;
			attributes = {
				LastUpgradeCheck = 0630;
				ORGANIZATIONNAME = "Friends of The Web";
				TargetAttributes = {
					92B00DFA1AFA92E70025535D = {
						CreatedOnToolsVersion = 6.3.1;
					};
					92B00E131AFA92E70025535D = {
						CreatedOnToolsVersion = 6.3.1;
						TestTargetID = 92B00DFA1AFA92E70025535D;
					};
				};
			};
			buildConfigurationList = 92B00DF61AFA92E70025535D /* Build configuration list for PBXProject "Gradients" */;
			compatibilityVersion = "Xcode 3.2";
			developmentRegion = English;
			hasScannedForEncodings = 0;
			knownRegions = (
				en,
				Base,
			);
			mainGroup = 92B00DF21AFA92E70025535D;
			productRefGroup = 92B00DFC1AFA92E70025535D /* Products */;
			projectDirPath = "";
			projectRoot = "";
			targets = (
				92B00DFA1AFA92E70025535D /* Gradients */,
				92B00E131AFA92E70025535D /* GradientsTests */,
			);
		};
/* End PBXProject section */

/* Begin PBXResourcesBuildPhase section */
		92B00DF91AFA92E70025535D /* Resources */ = {
			isa = PBXResourcesBuildPhase;
			buildActionMask = 2147483647;
			files = (
				92B00E0A1AFA92E70025535D /* Main.storyboard in Resources */,
				92B00E0F1AFA92E70025535D /* LaunchScreen.xib in Resources */,
				92B00E0C1AFA92E70025535D /* Images.xcassets in Resources */,
			);
			runOnlyForDeploymentPostprocessing = 0;
		};
		92B00E121AFA92E70025535D /* Resources */ = {
			isa = PBXResourcesBuildPhase;
			buildActionMask = 2147483647;
			files = (
			);
			runOnlyForDeploymentPostprocessing = 0;
		};
/* End PBXResourcesBuildPhase section */

/* Begin PBXSourcesBuildPhase section */
		92B00DF71AFA92E70025535D /* Sources */ = {
			isa = PBXSourcesBuildPhase;
			buildActionMask = 2147483647;
			files = (
				92B00E071AFA92E70025535D /* ViewController.m in Sources */,
				92B00E041AFA92E70025535D /* AppDelegate.m in Sources */,
				92B00E011AFA92E70025535D /* main.m in Sources */,
			);
			runOnlyForDeploymentPostprocessing = 0;
		};
		92B00E101AFA92E70025535D /* Sources */ = {
			isa = PBXSourcesBuildPhase;
			buildActionMask = 2147483647;
			files = (
				92B00E1B1AFA92E70025535D /* GradientsTests.m in Sources */,
			);
			runOnlyForDeploymentPostprocessing = 0;
		};
/* End PBXSourcesBuildPhase section */

/* Begin PBXTargetDependency section */
		92B00E161AFA92E70025535D /* PBXTargetDependency */ = {
			isa = PBXTargetDependency;
			target = 92B00DFA1AFA92E70025535D /* Gradients */;
			targetProxy = 92B00E151AFA92E70025535D /* PBXContainerItemProxy */;
		};
/* End PBXTargetDependency section */

/* Begin PBXVariantGroup section */
		92B00E081AFA92E70025535D /* Main.storyboard */ = {
			isa = PBXVariantGroup;
			children = (
				92B00E091AFA92E70025535D /* Base */,
			);
			name = Main.storyboard;
			sourceTree = "<group>";
		};
		92B00E0D1AFA92E70025535D /* LaunchScreen.xib */ = {
			isa = PBXVariantGroup;
			children = (
				92B00E0E1AFA92E70025535D /* Base */,
			);
			name = LaunchScreen.xib;
			sourceTree = "<group>";
		};
/* End PBXVariantGroup section */

/* Begin XCBuildConfiguration section */
		92B00E1C1AFA92E70025535D /* Debug */ = {
			isa = XCBuildConfiguration;
			buildSettings = {
				ALWAYS_SEARCH_USER_PATHS = NO;
				CLANG_CXX_LANGUAGE_STANDARD = "gnu++0x";
				CLANG_CXX_LIBRARY = "libc++";
				CLANG_ENABLE_MODULES = YES;
				CLANG_ENABLE_OBJC_ARC = YES;
				CLANG_WARN_BOOL_CONVERSION = YES;
				CLANG_WARN_CONSTANT_CONVERSION = YES;
				CLANG_WARN_DIRECT_OBJC_ISA_USAGE = YES_ERROR;
				CLANG_WARN_EMPTY_BODY = YES;
				CLANG_WARN_ENUM_CONVERSION = YES;
				CLANG_WARN_INT_CONVERSION = YES;
				CLANG_WARN_OBJC_ROOT_CLASS = YES_ERROR;
				CLANG_WARN_UNREACHABLE_CODE = YES;
				CLANG_WARN__DUPLICATE_METHOD_MATCH = YES;
				"CODE_SIGN_IDENTITY[sdk=iphoneos*]" = "iPhone Developer";
				COPY_PHASE_STRIP = NO;
				DEBUG_INFORMATION_FORMAT = "dwarf-with-dsym";
				ENABLE_STRICT_OBJC_MSGSEND = YES;
				GCC_C_LANGUAGE_STANDARD = gnu99;
				GCC_DYNAMIC_NO_PIC = NO;
				GCC_NO_COMMON_BLOCKS = YES;
				GCC_OPTIMIZATION_LEVEL = 0;
				GCC_PREPROCESSOR_DEFINITIONS = (
					"DEBUG=1",
					"$(inherited)",
				);
				GCC_SYMBOLS_PRIVATE_EXTERN = NO;
				GCC_WARN_64_TO_32_BIT_CONVERSION = YES;
				GCC_WARN_ABOUT_RETURN_TYPE = YES_ERROR;
				GCC_WARN_UNDECLARED_SELECTOR = YES;
				GCC_WARN_UNINITIALIZED_AUTOS = YES_AGGRESSIVE;
				GCC_WARN_UNUSED_FUNCTION = YES;
				GCC_WARN_UNUSED_VARIABLE = YES;
				IPHONEOS_DEPLOYMENT_TARGET = 8.3;
				MTL_ENABLE_DEBUG_INFO = YES;
				ONLY_ACTIVE_ARCH = YES;
				SDKROOT = iphoneos;
				TARGETED_DEVICE_FAMILY = "1,2";
			};
			name = Debug;
		};
		92B00E1D1AFA92E70025535D /* Release */ = {
			isa = XCBuildConfiguration;
			buildSettings = {
				ALWAYS_SEARCH_USER_PATHS = NO;
				CLANG_CXX_LANGUAGE_STANDARD = "gnu++0x";
				CLANG_CXX_LIBRARY = "libc++";
				CLANG_ENABLE_MODULES = YES;
				CLANG_ENABLE_OBJC_ARC = YES;
				CLANG_WARN_BOOL_CONVERSION = YES;
				CLANG_WARN_CONSTANT_CONVERSION = YES;
				CLANG_WARN_DIRECT_OBJC_ISA_USAGE = YES_ERROR;
				CLANG_WARN_EMPTY_BODY = YES;
				CLANG_WARN_ENUM_CONVERSION = YES;
				CLANG_WARN_INT_CONVERSION = YES;
				CLANG_WARN_OBJC_ROOT_CLASS = YES_ERROR;
				CLANG_WARN_UNREACHABLE_CODE = YES;
				CLANG_WARN__DUPLICATE_METHOD_MATCH = YES;
				"CODE_SIGN_IDENTITY[sdk=iphoneos*]" = "iPhone Developer";
				COPY_PHASE_STRIP = NO;
				DEBUG_INFORMATION_FORMAT = "dwarf-with-dsym";
				ENABLE_NS_ASSERTIONS = NO;
				ENABLE_STRICT_OBJC_MSGSEND = YES;
				GCC_C_LANGUAGE_STANDARD = gnu99;
				GCC_NO_COMMON_BLOCKS = YES;
				GCC_WARN_64_TO_32_BIT_CONVERSION = YES;
				GCC_WARN_ABOUT_RETURN_TYPE = YES_ERROR;
				GCC_WARN_UNDECLARED_SELECTOR = YES;
				GCC_WARN_UNINITIALIZED_AUTOS = YES_AGGRESSIVE;
				GCC_WARN_UNUSED_FUNCTION = YES;
				GCC_WARN_UNUSED_VARIABLE = YES;
				IPHONEOS_DEPLOYMENT_TARGET = 8.3;
				MTL_ENABLE_DEBUG_INFO = NO;
				SDKROOT = iphoneos;
				TARGETED_DEVICE_FAMILY = "1,2";
				VALIDATE_PRODUCT = YES;
			};
			name = Release;
		};
		92B00E1F1AFA92E70025535D /* Debug */ = {
			isa = XCBuildConfiguration;
			buildSettings = {
				ASSETCATALOG_COMPILER_APPICON_NAME = AppIcon;
				INFOPLIST_FILE = Gradients/Info.plist;
				LD_RUNPATH_SEARCH_PATHS = "$(inherited) @executable_path/Frameworks";
				PRODUCT_NAME = "$(TARGET_NAME)";
			};
			name = Debug;
		};
		92B00E201AFA92E70025535D /* Release */ = {
			isa = XCBuildConfiguration;
			buildSettings = {
				ASSETCATALOG_COMPILER_APPICON_NAME = AppIcon;
				INFOPLIST_FILE = Gradients/Info.plist;
				LD_RUNPATH_SEARCH_PATHS = "$(inherited) @executable_path/Frameworks";
				PRODUCT_NAME = "$(TARGET_NAME)";
			};
			name = Release;
		};
		92B00E221AFA92E70025535D /* Debug */ = {
			isa = XCBuildConfiguration;
			buildSettings = {
				BUNDLE_LOADER = "$(TEST_HOST)";
				FRAMEWORK_SEARCH_PATHS = (
					"$(SDKROOT)/Developer/Library/Frameworks",
					"$(inherited)",
				);
				GCC_PREPROCESSOR_DEFINITIONS = (
					"DEBUG=1",
					"$(inherited)",
				);
				INFOPLIST_FILE = GradientsTests/Info.plist;
				LD_RUNPATH_SEARCH_PATHS = "$(inherited) @executable_path/Frameworks @loader_path/Frameworks";
				PRODUCT_NAME = "$(TARGET_NAME)";
				TEST_HOST = "$(BUILT_PRODUCTS_DIR)/Gradients.app/Gradients";
			};
			name = Debug;
		};
		92B00E231AFA92E70025535D /* Release */ = {
			isa = XCBuildConfiguration;
			buildSettings = {
				BUNDLE_LOADER = "$(TEST_HOST)";
				FRAMEWORK_SEARCH_PATHS = (
					"$(SDKROOT)/Developer/Library/Frameworks",
					"$(inherited)",
				);
				INFOPLIST_FILE = GradientsTests/Info.plist;
				LD_RUNPATH_SEARCH_PATHS = "$(inherited) @executable_path/Frameworks @loader_path/Frameworks";
				PRODUCT_NAME = "$(TARGET_NAME)";
				TEST_HOST = "$(BUILT_PRODUCTS_DIR)/Gradients.app/Gradients";
			};
			name = Release;
		};
/* End XCBuildConfiguration section */

/* Begin XCConfigurationList section */
		92B00DF61AFA92E70025535D /* Build configuration list for PBXProject "Gradients" */ = {
			isa = XCConfigurationList;
			buildConfigurations = (
				92B00E1C1AFA92E70025535D /* Debug */,
				92B00E1D1AFA92E70025535D /* Release */,
			);
			defaultConfigurationIsVisible = 0;
			defaultConfigurationName = Release;
		};
		92B00E1E1AFA92E70025535D /* Build configuration list for PBXNativeTarget "Gradients" */ = {
			isa = XCConfigurationList;
			buildConfigurations = (
				92B00E1F1AFA92E70025535D /* Debug */,
				92B00E201AFA92E70025535D /* Release */,
			);
			defaultConfigurationIsVisible = 0;
		};
		92B00E211AFA92E70025535D /* Build configuration list for PBXNativeTarget "GradientsTests" */ = {
			isa = XCConfigurationList;
			buildConfigurations = (
				92B00E221AFA92E70025535D /* Debug */,
				92B00E231AFA92E70025535D /* Release */,
			);
			defaultConfigurationIsVisible = 0;
		};
/* End XCConfigurationList section */
	};
	rootObject = 92B00DF31AFA92E70025535D /* Project object */;
}
